
Microsoft Visual Studio Solution File, Format Version 12.00
# Visual Studio 2017
Project("{FAE04EC0-301F-11D3-BF4B-00C04F79EFBC}") = "Hive.Plugins", "Hive.Plugins.csproj", "{59D851FA-76C7-D3F6-88A6-90CFB2B44296}"
EndProject
Project("{FAE04EC0-301F-11D3-BF4B-00C04F79EFBC}") = "Hive", "Hive.csproj", "{0797786F-CF2F-B829-E93B-FB9661992633}"
EndProject
Project("{FAE04EC0-301F-11D3-BF4B-00C04F79EFBC}") = "Hive.Editor", "Hive.Editor.csproj", "{063A0533-1450-7A0D-9153-0CB6C4B49753}"
EndProject
Global
	GlobalSection(SolutionConfigurationPlatforms) = preSolution
		Debug|Any CPU = Debug|Any CPU
		Release|Any CPU = Release|Any CPU
	EndGlobalSection
	GlobalSection(ProjectConfigurationPlatforms) = postSolution
		{59D851FA-76C7-D3F6-88A6-90CFB2B44296}.Debug|Any CPU.ActiveCfg = Debug|Any CPU
		{59D851FA-76C7-D3F6-88A6-90CFB2B44296}.Debug|Any CPU.Build.0 = Debug|Any CPU
		{59D851FA-76C7-D3F6-88A6-90CFB2B44296}.Release|Any CPU.ActiveCfg = Release|Any CPU
		{59D851FA-76C7-D3F6-88A6-90CFB2B44296}.Release|Any CPU.Build.0 = Release|Any CPU
		{0797786F-CF2F-B829-E93B-FB9661992633}.Debug|Any CPU.ActiveCfg = Debug|Any CPU
		{0797786F-CF2F-B829-E93B-FB9661992633}.Debug|Any CPU.Build.0 = Debug|Any CPU
		{0797786F-CF2F-B829-E93B-FB9661992633}.Release|Any CPU.ActiveCfg = Release|Any CPU
		{0797786F-CF2F-B829-E93B-FB9661992633}.Release|Any CPU.Build.0 = Release|Any CPU
		{063A0533-1450-7A0D-9153-0CB6C4B49753}.Debug|Any CPU.ActiveCfg = Debug|Any CPU
		{063A0533-1450-7A0D-9153-0CB6C4B49753}.Debug|Any CPU.Build.0 = Debug|Any CPU
		{063A0533-1450-7A0D-9153-0CB6C4B49753}.Release|Any CPU.ActiveCfg = Release|Any CPU
		{063A0533-1450-7A0D-9153-0CB6C4B49753}.Release|Any CPU.Build.0 = Release|Any CPU
	EndGlobalSection
	GlobalSection(SolutionProperties) = preSolution
		HideSolutionNode = FALSE
	EndGlobalSection
EndGlobal
