
Microsoft Visual Studio Solution File, Format Version 12.00
# Visual Studio 2015
Project("{FAE04EC0-301F-11D3-BF4B-00C04F79EFBC}") = "Hive — kopia.Plugins", "Hive — kopia.Plugins.csproj", "{690BA6E6-2075-FA65-88BE-B9D25192406A}"
EndProject
Project("{FAE04EC0-301F-11D3-BF4B-00C04F79EFBC}") = "Hive — kopia", "Hive — kopia.csproj", "{C1495799-9029-A1DC-766A-EC07D7EEBD9F}"
EndProject
Project("{FAE04EC0-301F-11D3-BF4B-00C04F79EFBC}") = "Hive — kopia.Editor", "Hive — kopia.Editor.csproj", "{95AFEE22-06CB-FC00-0178-94A4CD1D8769}"
EndProject
Global
	GlobalSection(SolutionConfigurationPlatforms) = preSolution
		Debug|Any CPU = Debug|Any CPU
		Release|Any CPU = Release|Any CPU
	EndGlobalSection
	GlobalSection(ProjectConfigurationPlatforms) = postSolution
		{690BA6E6-2075-FA65-88BE-B9D25192406A}.Debug|Any CPU.ActiveCfg = Debug|Any CPU
		{690BA6E6-2075-FA65-88BE-B9D25192406A}.Debug|Any CPU.Build.0 = Debug|Any CPU
		{690BA6E6-2075-FA65-88BE-B9D25192406A}.Release|Any CPU.ActiveCfg = Release|Any CPU
		{690BA6E6-2075-FA65-88BE-B9D25192406A}.Release|Any CPU.Build.0 = Release|Any CPU
		{C1495799-9029-A1DC-766A-EC07D7EEBD9F}.Debug|Any CPU.ActiveCfg = Debug|Any CPU
		{C1495799-9029-A1DC-766A-EC07D7EEBD9F}.Debug|Any CPU.Build.0 = Debug|Any CPU
		{C1495799-9029-A1DC-766A-EC07D7EEBD9F}.Release|Any CPU.ActiveCfg = Release|Any CPU
		{C1495799-9029-A1DC-766A-EC07D7EEBD9F}.Release|Any CPU.Build.0 = Release|Any CPU
		{95AFEE22-06CB-FC00-0178-94A4CD1D8769}.Debug|Any CPU.ActiveCfg = Debug|Any CPU
		{95AFEE22-06CB-FC00-0178-94A4CD1D8769}.Debug|Any CPU.Build.0 = Debug|Any CPU
		{95AFEE22-06CB-FC00-0178-94A4CD1D8769}.Release|Any CPU.ActiveCfg = Release|Any CPU
		{95AFEE22-06CB-FC00-0178-94A4CD1D8769}.Release|Any CPU.Build.0 = Release|Any CPU
	EndGlobalSection
	GlobalSection(SolutionProperties) = preSolution
		HideSolutionNode = FALSE
	EndGlobalSection
EndGlobal
